<?xml version="1.0" encoding="UTF-8"?>
<Scheme
   version = "1.3">
   <BuildAction>
      <BuildActionEntries>
         <BuildActionEntry
            buildForRunning = "YES">
            <BuildableReference
               BuildableIdentifier = "primary"
               BlueprintIdentifier = "4CCB23AA26FA0C9C00A04713"
               BuildableName = "PD skirt trial.app"
               BlueprintName = "PD skirt trial"
               ReferencedContainer = "container:PD skirt trial.xcodeproj">
            </BuildableReference>
         </BuildActionEntry>
      </BuildActionEntries>
   </BuildAction>
   <LaunchAction
      useCustomWorkingDirectory = "NO"
      buildConfiguration = "Debug"
      allowLocationSimulation = "YES">
      <BuildableProductRunnable>
         <BuildableReference
            BuildableIdentifier = "primary"
            BlueprintIdentifier = "4CCB23AA26FA0C9C00A04713"
            BuildableName = "PD skirt trial.app"
            BlueprintName = "PD skirt trial"
            ReferencedContainer = "container:PD skirt trial.xcodeproj">
         </BuildableReference>
      </BuildableProductRunnable>
   </LaunchAction>
</Scheme>
